
Microsoft Visual Studio Solution File, Format Version 12.00
# Visual Studio Version 17
VisualStudioVersion = 17.12.35527.113 d17.12
MinimumVisualStudioVersion = 10.0.40219.1
Project("{FAE04EC0-301F-11D3-BF4B-00C04F79EFBC}") = "IOT_BT1B", "IOT_BT1B.csproj", "{D61597DD-6721-4CFC-A842-515E2EEB2397}"
EndProject
Global
	GlobalSection(SolutionConfigurationPlatforms) = preSolution
		Debug|Any CPU = Debug|Any CPU
		Release|Any CPU = Release|Any CPU
	EndGlobalSection
	GlobalSection(ProjectConfigurationPlatforms) = postSolution
		{D61597DD-6721-4CFC-A842-515E2EEB2397}.Debug|Any CPU.ActiveCfg = Debug|Any CPU
		{D61597DD-6721-4CFC-A842-515E2EEB2397}.Debug|Any CPU.Build.0 = Debug|Any CPU
		{D61597DD-6721-4CFC-A842-515E2EEB2397}.Release|Any CPU.ActiveCfg = Release|Any CPU
		{D61597DD-6721-4CFC-A842-515E2EEB2397}.Release|Any CPU.Build.0 = Release|Any CPU
	EndGlobalSection
	GlobalSection(SolutionProperties) = preSolution
		HideSolutionNode = FALSE
	EndGlobalSection
EndGlobal
